
Microsoft Visual Studio Solution File, Format Version 12.00
# Visual Studio Version 17
VisualStudioVersion = 17.4.33110.190
MinimumVisualStudioVersion = 10.0.40219.1
Project("{FAE04EC0-301F-11D3-BF4B-00C04F79EFBC}") = "ToursApp", "ToursApp\ToursApp.csproj", "{169F735A-F50B-4AC9-8680-B631353AE264}"
EndProject
Global
	GlobalSection(SolutionConfigurationPlatforms) = preSolution
		Debug|Any CPU = Debug|Any CPU
		Release|Any CPU = Release|Any CPU
	EndGlobalSection
	GlobalSection(ProjectConfigurationPlatforms) = postSolution
		{169F735A-F50B-4AC9-8680-B631353AE264}.Debug|Any CPU.ActiveCfg = Debug|Any CPU
		{169F735A-F50B-4AC9-8680-B631353AE264}.Debug|Any CPU.Build.0 = Debug|Any CPU
		{169F735A-F50B-4AC9-8680-B631353AE264}.Release|Any CPU.ActiveCfg = Release|Any CPU
		{169F735A-F50B-4AC9-8680-B631353AE264}.Release|Any CPU.Build.0 = Release|Any CPU
	EndGlobalSection
	GlobalSection(SolutionProperties) = preSolution
		HideSolutionNode = FALSE
	EndGlobalSection
	GlobalSection(ExtensibilityGlobals) = postSolution
		SolutionGuid = {8ED5B092-0E55-405E-A117-0C8DFE1D6785}
	EndGlobalSection
EndGlobal
